
Microsoft Visual Studio Solution File, Format Version 12.00
# Visual Studio Version 16
VisualStudioVersion = 16.0.32002.261
MinimumVisualStudioVersion = 10.0.40219.1
Project("{FAE04EC0-301F-11D3-BF4B-00C04F79EFBC}") = "metods", "metods\metods.csproj", "{DC29F3F9-F618-4E94-B447-A8F88421CE88}"
EndProject
Global
	GlobalSection(SolutionConfigurationPlatforms) = preSolution
		Debug|Any CPU = Debug|Any CPU
		Release|Any CPU = Release|Any CPU
	EndGlobalSection
	GlobalSection(ProjectConfigurationPlatforms) = postSolution
		{DC29F3F9-F618-4E94-B447-A8F88421CE88}.Debug|Any CPU.ActiveCfg = Debug|Any CPU
		{DC29F3F9-F618-4E94-B447-A8F88421CE88}.Debug|Any CPU.Build.0 = Debug|Any CPU
		{DC29F3F9-F618-4E94-B447-A8F88421CE88}.Release|Any CPU.ActiveCfg = Release|Any CPU
		{DC29F3F9-F618-4E94-B447-A8F88421CE88}.Release|Any CPU.Build.0 = Release|Any CPU
	EndGlobalSection
	GlobalSection(SolutionProperties) = preSolution
		HideSolutionNode = FALSE
	EndGlobalSection
	GlobalSection(ExtensibilityGlobals) = postSolution
		SolutionGuid = {21609386-5A8E-475B-A7FE-9539B55A4721}
	EndGlobalSection
EndGlobal
